
Microsoft Visual Studio Solution File, Format Version 12.00
# Visual Studio Version 17
VisualStudioVersion = 17.5.33530.505
MinimumVisualStudioVersion = 10.0.40219.1
Project("{FAE04EC0-301F-11D3-BF4B-00C04F79EFBC}") = "PrintMaster", "PrintMaster\PrintMaster.csproj", "{59A38507-078D-4B49-910A-51E1DD3422E8}"
EndProject
Global
	GlobalSection(SolutionConfigurationPlatforms) = preSolution
		Debug|Any CPU = Debug|Any CPU
		Release|Any CPU = Release|Any CPU
	EndGlobalSection
	GlobalSection(ProjectConfigurationPlatforms) = postSolution
		{59A38507-078D-4B49-910A-51E1DD3422E8}.Debug|Any CPU.ActiveCfg = Debug|Any CPU
		{59A38507-078D-4B49-910A-51E1DD3422E8}.Debug|Any CPU.Build.0 = Debug|Any CPU
		{59A38507-078D-4B49-910A-51E1DD3422E8}.Release|Any CPU.ActiveCfg = Release|Any CPU
		{59A38507-078D-4B49-910A-51E1DD3422E8}.Release|Any CPU.Build.0 = Release|Any CPU
	EndGlobalSection
	GlobalSection(SolutionProperties) = preSolution
		HideSolutionNode = FALSE
	EndGlobalSection
	GlobalSection(ExtensibilityGlobals) = postSolution
		SolutionGuid = {68CC2049-ABA9-49FF-B1E6-C0CBBC1AB6CD}
	EndGlobalSection
EndGlobal
